Microsoft Visual Studio Solution File, Format Version 12.00
# Visual Studio Version 17
VisualStudioVersion = 17.5.2.0
MinimumVisualStudioVersion = 10.0.40219.1
Project("{2150E333-8FDC-42A3-9474-1A3956D46DE8}") = "src", "src", "{6132B140-2265-44CC-B942-B18E708527EF}"
EndProject
Project("{FAE04EC0-301F-11D3-BF4B-00C04F79EFBC}") = "pascal", "src\Pascal.App\pascal.csproj", "{0E1774CF-605F-4293-BB07-10C71EA2F853}"
EndProject
Project("{2150E333-8FDC-42A3-9474-1A3956D46DE8}") = "tests", "tests", "{8FDB6EE7-8C9C-47AC-A816-540B47C337AD}"
EndProject
Project("{FAE04EC0-301F-11D3-BF4B-00C04F79EFBC}") = "Pascal.Tests", "tests\Pascal.Tests\Pascal.Tests.csproj", "{EDDBAD8B-E089-47C9-9CEC-36963A1B9469}"
EndProject
Global
	GlobalSection(SolutionProperties) = preSolution
		HideSolutionNode = FALSE
	EndGlobalSection
	GlobalSection(ExtensibilityGlobals) = postSolution
		SolutionGuid = {2A34EC5C-3BF6-4A3F-BD4E-88EC14B4F140}
	EndGlobalSection
	GlobalSection(SolutionConfigurationPlatforms) = preSolution
		Debug|Any CPU = Debug|Any CPU
		Debug|x64 = Debug|x64
		Debug|x86 = Debug|x86
		Release|Any CPU = Release|Any CPU
		Release|x64 = Release|x64
		Release|x86 = Release|x86
	EndGlobalSection
	GlobalSection(ProjectConfigurationPlatforms) = postSolution
		{0E1774CF-605F-4293-BB07-10C71EA2F853}.Debug|Any CPU.ActiveCfg = Debug|Any CPU
		{0E1774CF-605F-4293-BB07-10C71EA2F853}.Debug|Any CPU.Build.0 = Debug|Any CPU
		{0E1774CF-605F-4293-BB07-10C71EA2F853}.Debug|x64.ActiveCfg = Debug|Any CPU
		{0E1774CF-605F-4293-BB07-10C71EA2F853}.Debug|x64.Build.0 = Debug|Any CPU
		{0E1774CF-605F-4293-BB07-10C71EA2F853}.Debug|x86.ActiveCfg = Debug|Any CPU
		{0E1774CF-605F-4293-BB07-10C71EA2F853}.Debug|x86.Build.0 = Debug|Any CPU
		{0E1774CF-605F-4293-BB07-10C71EA2F853}.Release|Any CPU.ActiveCfg = Release|Any CPU
		{0E1774CF-605F-4293-BB07-10C71EA2F853}.Release|Any CPU.Build.0 = Release|Any CPU
		{0E1774CF-605F-4293-BB07-10C71EA2F853}.Release|x64.ActiveCfg = Release|Any CPU
		{0E1774CF-605F-4293-BB07-10C71EA2F853}.Release|x64.Build.0 = Release|Any CPU
		{0E1774CF-605F-4293-BB07-10C71EA2F853}.Release|x86.ActiveCfg = Release|Any CPU
		{0E1774CF-605F-4293-BB07-10C71EA2F853}.Release|x86.Build.0 = Release|Any CPU
		{EDDBAD8B-E089-47C9-9CEC-36963A1B9469}.Debug|Any CPU.ActiveCfg = Debug|Any CPU
		{EDDBAD8B-E089-47C9-9CEC-36963A1B9469}.Debug|Any CPU.Build.0 = Debug|Any CPU
		{EDDBAD8B-E089-47C9-9CEC-36963A1B9469}.Debug|x64.ActiveCfg = Debug|Any CPU
		{EDDBAD8B-E089-47C9-9CEC-36963A1B9469}.Debug|x64.Build.0 = Debug|Any CPU
		{EDDBAD8B-E089-47C9-9CEC-36963A1B9469}.Debug|x86.ActiveCfg = Debug|Any CPU
		{EDDBAD8B-E089-47C9-9CEC-36963A1B9469}.Debug|x86.Build.0 = Debug|Any CPU
		{EDDBAD8B-E089-47C9-9CEC-36963A1B9469}.Release|Any CPU.ActiveCfg = Release|Any CPU
		{EDDBAD8B-E089-47C9-9CEC-36963A1B9469}.Release|Any CPU.Build.0 = Release|Any CPU
		{EDDBAD8B-E089-47C9-9CEC-36963A1B9469}.Release|x64.ActiveCfg = Release|Any CPU
		{EDDBAD8B-E089-47C9-9CEC-36963A1B9469}.Release|x64.Build.0 = Release|Any CPU
		{EDDBAD8B-E089-47C9-9CEC-36963A1B9469}.Release|x86.ActiveCfg = Release|Any CPU
		{EDDBAD8B-E089-47C9-9CEC-36963A1B9469}.Release|x86.Build.0 = Release|Any CPU
	EndGlobalSection
	GlobalSection(NestedProjects) = preSolution
		{0E1774CF-605F-4293-BB07-10C71EA2F853} = {6132B140-2265-44CC-B942-B18E708527EF}
		{EDDBAD8B-E089-47C9-9CEC-36963A1B9469} = {8FDB6EE7-8C9C-47AC-A816-540B47C337AD}
	EndGlobalSection
EndGlobal
